
Microsoft Visual Studio Solution File, Format Version 12.00
# Visual Studio Version 17
VisualStudioVersion = 17.0.32126.317
MinimumVisualStudioVersion = 10.0.40219.1
Project("{9A19103F-16F7-4668-BE54-9A1E7A4F7556}") = "SecureWebshop.Domain", "SecureWebshop.Domain\SecureWebshop.Domain.csproj", "{768D3CA0-5AE6-433C-AC2E-EB6C52EC62EE}"
EndProject
Project("{FAE04EC0-301F-11D3-BF4B-00C04F79EFBC}") = "SecureWebshop.Persistence", "SecureWebshop.Persistence\SecureWebshop.Persistence.csproj", "{65675EA1-950A-43AE-97DA-B744FD89EA3A}"
EndProject
Project("{FAE04EC0-301F-11D3-BF4B-00C04F79EFBC}") = "SecureWebshop.Application", "SecureWebshop.Application\SecureWebshop.Application.csproj", "{3E1DE912-CAAD-40A2-AAB6-6C0A6796792E}"
EndProject
Project("{FAE04EC0-301F-11D3-BF4B-00C04F79EFBC}") = "SecureWebshop.API", "SecureWebshop.API\SecureWebshop.API.csproj", "{6F7F9377-2D91-4A7B-86C4-AF9F677A61C2}"
EndProject
Global
	GlobalSection(SolutionConfigurationPlatforms) = preSolution
		Debug|Any CPU = Debug|Any CPU
		Release|Any CPU = Release|Any CPU
	EndGlobalSection
	GlobalSection(ProjectConfigurationPlatforms) = postSolution
		{768D3CA0-5AE6-433C-AC2E-EB6C52EC62EE}.Debug|Any CPU.ActiveCfg = Debug|Any CPU
		{768D3CA0-5AE6-433C-AC2E-EB6C52EC62EE}.Debug|Any CPU.Build.0 = Debug|Any CPU
		{768D3CA0-5AE6-433C-AC2E-EB6C52EC62EE}.Release|Any CPU.ActiveCfg = Release|Any CPU
		{768D3CA0-5AE6-433C-AC2E-EB6C52EC62EE}.Release|Any CPU.Build.0 = Release|Any CPU
		{65675EA1-950A-43AE-97DA-B744FD89EA3A}.Debug|Any CPU.ActiveCfg = Debug|Any CPU
		{65675EA1-950A-43AE-97DA-B744FD89EA3A}.Debug|Any CPU.Build.0 = Debug|Any CPU
		{65675EA1-950A-43AE-97DA-B744FD89EA3A}.Release|Any CPU.ActiveCfg = Release|Any CPU
		{65675EA1-950A-43AE-97DA-B744FD89EA3A}.Release|Any CPU.Build.0 = Release|Any CPU
		{3E1DE912-CAAD-40A2-AAB6-6C0A6796792E}.Debug|Any CPU.ActiveCfg = Debug|Any CPU
		{3E1DE912-CAAD-40A2-AAB6-6C0A6796792E}.Debug|Any CPU.Build.0 = Debug|Any CPU
		{3E1DE912-CAAD-40A2-AAB6-6C0A6796792E}.Release|Any CPU.ActiveCfg = Release|Any CPU
		{3E1DE912-CAAD-40A2-AAB6-6C0A6796792E}.Release|Any CPU.Build.0 = Release|Any CPU
		{6F7F9377-2D91-4A7B-86C4-AF9F677A61C2}.Debug|Any CPU.ActiveCfg = Debug|Any CPU
		{6F7F9377-2D91-4A7B-86C4-AF9F677A61C2}.Debug|Any CPU.Build.0 = Debug|Any CPU
		{6F7F9377-2D91-4A7B-86C4-AF9F677A61C2}.Release|Any CPU.ActiveCfg = Release|Any CPU
		{6F7F9377-2D91-4A7B-86C4-AF9F677A61C2}.Release|Any CPU.Build.0 = Release|Any CPU
	EndGlobalSection
	GlobalSection(SolutionProperties) = preSolution
		HideSolutionNode = FALSE
	EndGlobalSection
	GlobalSection(ExtensibilityGlobals) = postSolution
		SolutionGuid = {EF9ED594-82CD-4682-A3DE-76AC2452DB1B}
	EndGlobalSection
EndGlobal
