
Microsoft Visual Studio Solution File, Format Version 12.00
# Visual Studio Version 17
VisualStudioVersion = 17.0.32126.317
MinimumVisualStudioVersion = 10.0.40219.1
Project("{9A19103F-16F7-4668-BE54-9A1E7A4F7556}") = "SecureWebshop.API", "SecureWebshop.API\SecureWebshop.API.csproj", "{EE8AA36B-2419-460A-9113-D73135A248A0}"
EndProject
Project("{9A19103F-16F7-4668-BE54-9A1E7A4F7556}") = "SecureWebshop.Domain", "SecureWebshop.Domain\SecureWebshop.Domain.csproj", "{8EEE622E-6234-426D-A355-495F254EC628}"
EndProject
Project("{9A19103F-16F7-4668-BE54-9A1E7A4F7556}") = "SecureWebshop.Application", "SecureWebshop.Application\SecureWebshop.Application.csproj", "{C3B0E061-BC0C-459F-9EE3-9A34F674E6E9}"
EndProject
Project("{9A19103F-16F7-4668-BE54-9A1E7A4F7556}") = "SecureWebshop.Persistence", "SecureWebshop.Persistence\SecureWebshop.Persistence.csproj", "{31DD5259-F220-4F74-BA04-CB033E7C7AB6}"
EndProject
Global
	GlobalSection(SolutionConfigurationPlatforms) = preSolution
		Debug|Any CPU = Debug|Any CPU
		Release|Any CPU = Release|Any CPU
	EndGlobalSection
	GlobalSection(ProjectConfigurationPlatforms) = postSolution
		{EE8AA36B-2419-460A-9113-D73135A248A0}.Debug|Any CPU.ActiveCfg = Debug|Any CPU
		{EE8AA36B-2419-460A-9113-D73135A248A0}.Debug|Any CPU.Build.0 = Debug|Any CPU
		{EE8AA36B-2419-460A-9113-D73135A248A0}.Release|Any CPU.ActiveCfg = Release|Any CPU
		{EE8AA36B-2419-460A-9113-D73135A248A0}.Release|Any CPU.Build.0 = Release|Any CPU
		{8EEE622E-6234-426D-A355-495F254EC628}.Debug|Any CPU.ActiveCfg = Debug|Any CPU
		{8EEE622E-6234-426D-A355-495F254EC628}.Debug|Any CPU.Build.0 = Debug|Any CPU
		{8EEE622E-6234-426D-A355-495F254EC628}.Release|Any CPU.ActiveCfg = Release|Any CPU
		{8EEE622E-6234-426D-A355-495F254EC628}.Release|Any CPU.Build.0 = Release|Any CPU
		{C3B0E061-BC0C-459F-9EE3-9A34F674E6E9}.Debug|Any CPU.ActiveCfg = Debug|Any CPU
		{C3B0E061-BC0C-459F-9EE3-9A34F674E6E9}.Debug|Any CPU.Build.0 = Debug|Any CPU
		{C3B0E061-BC0C-459F-9EE3-9A34F674E6E9}.Release|Any CPU.ActiveCfg = Release|Any CPU
		{C3B0E061-BC0C-459F-9EE3-9A34F674E6E9}.Release|Any CPU.Build.0 = Release|Any CPU
		{31DD5259-F220-4F74-BA04-CB033E7C7AB6}.Debug|Any CPU.ActiveCfg = Debug|Any CPU
		{31DD5259-F220-4F74-BA04-CB033E7C7AB6}.Debug|Any CPU.Build.0 = Debug|Any CPU
		{31DD5259-F220-4F74-BA04-CB033E7C7AB6}.Release|Any CPU.ActiveCfg = Release|Any CPU
		{31DD5259-F220-4F74-BA04-CB033E7C7AB6}.Release|Any CPU.Build.0 = Release|Any CPU
	EndGlobalSection
	GlobalSection(SolutionProperties) = preSolution
		HideSolutionNode = FALSE
	EndGlobalSection
	GlobalSection(ExtensibilityGlobals) = postSolution
		SolutionGuid = {E0AFD15B-C9B3-4076-9DF9-EFEA2654FAE7}
	EndGlobalSection
EndGlobal
